
Microsoft Visual Studio Solution File, Format Version 12.00
# Visual Studio Version 16
VisualStudioVersion = 16.0.32002.261
MinimumVisualStudioVersion = 10.0.40219.1
Project("{FAE04EC0-301F-11D3-BF4B-00C04F79EFBC}") = "SampleProject", "SampleProject\SampleProject.csproj", "{A9A1A405-C5CF-4220-AEE5-D810DA301E9A}"
EndProject
Global
	GlobalSection(SolutionConfigurationPlatforms) = preSolution
		Debug|Any CPU = Debug|Any CPU
		Release|Any CPU = Release|Any CPU
	EndGlobalSection
	GlobalSection(ProjectConfigurationPlatforms) = postSolution
		{A9A1A405-C5CF-4220-AEE5-D810DA301E9A}.Debug|Any CPU.ActiveCfg = Debug|Any CPU
		{A9A1A405-C5CF-4220-AEE5-D810DA301E9A}.Debug|Any CPU.Build.0 = Debug|Any CPU
		{A9A1A405-C5CF-4220-AEE5-D810DA301E9A}.Release|Any CPU.ActiveCfg = Release|Any CPU
		{A9A1A405-C5CF-4220-AEE5-D810DA301E9A}.Release|Any CPU.Build.0 = Release|Any CPU
	EndGlobalSection
	GlobalSection(SolutionProperties) = preSolution
		HideSolutionNode = FALSE
	EndGlobalSection
	GlobalSection(ExtensibilityGlobals) = postSolution
		SolutionGuid = {2FB121D0-2811-454E-A680-13D410FE41F1}
	EndGlobalSection
EndGlobal
